
Microsoft Visual Studio Solution File, Format Version 12.00
# Visual Studio Version 17
VisualStudioVersion = 17.1.32228.430
MinimumVisualStudioVersion = 10.0.40219.1
Project("{FAE04EC0-301F-11D3-BF4B-00C04F79EFBC}") = "Catalog.Api", "Catalog\Catalog.Api.csproj", "{A8F134A6-FD5C-4F07-960B-8084F3DD4B72}"
EndProject
Project("{2150E333-8FDC-42A3-9474-1A3956D46DE8}") = "src", "src", "{0C53DA0A-103A-4E29-AFEA-842CB05FB032}"
EndProject
Project("{2150E333-8FDC-42A3-9474-1A3956D46DE8}") = "catlog", "catlog", "{B0E10A54-2151-464C-8D9E-B4B22B9C8111}"
EndProject
Global
	GlobalSection(SolutionConfigurationPlatforms) = preSolution
		Debug|Any CPU = Debug|Any CPU
		Release|Any CPU = Release|Any CPU
	EndGlobalSection
	GlobalSection(ProjectConfigurationPlatforms) = postSolution
		{A8F134A6-FD5C-4F07-960B-8084F3DD4B72}.Debug|Any CPU.ActiveCfg = Debug|Any CPU
		{A8F134A6-FD5C-4F07-960B-8084F3DD4B72}.Debug|Any CPU.Build.0 = Debug|Any CPU
		{A8F134A6-FD5C-4F07-960B-8084F3DD4B72}.Release|Any CPU.ActiveCfg = Release|Any CPU
		{A8F134A6-FD5C-4F07-960B-8084F3DD4B72}.Release|Any CPU.Build.0 = Release|Any CPU
	EndGlobalSection
	GlobalSection(SolutionProperties) = preSolution
		HideSolutionNode = FALSE
	EndGlobalSection
	GlobalSection(NestedProjects) = preSolution
		{A8F134A6-FD5C-4F07-960B-8084F3DD4B72} = {B0E10A54-2151-464C-8D9E-B4B22B9C8111}
		{B0E10A54-2151-464C-8D9E-B4B22B9C8111} = {0C53DA0A-103A-4E29-AFEA-842CB05FB032}
	EndGlobalSection
	GlobalSection(ExtensibilityGlobals) = postSolution
		SolutionGuid = {29F0B9B3-16FA-4BED-81FA-0084E8FCBE79}
	EndGlobalSection
EndGlobal
